
Microsoft Visual Studio Solution File, Format Version 12.00
# Visual Studio 15
VisualStudioVersion = 15.0.27428.2037
MinimumVisualStudioVersion = 10.0.40219.1
Project("{FAE04EC0-301F-11D3-BF4B-00C04F79EFBC}") = "WindowsFormsApp2", "WindowsFormsApp2\WindowsFormsApp2.csproj", "{DCCAC57B-42F0-4B1F-AB3A-E93E46794CAE}"
EndProject
Global
	GlobalSection(SolutionConfigurationPlatforms) = preSolution
		Debug|Any CPU = Debug|Any CPU
		Release|Any CPU = Release|Any CPU
	EndGlobalSection
	GlobalSection(ProjectConfigurationPlatforms) = postSolution
		{DCCAC57B-42F0-4B1F-AB3A-E93E46794CAE}.Debug|Any CPU.ActiveCfg = Debug|Any CPU
		{DCCAC57B-42F0-4B1F-AB3A-E93E46794CAE}.Debug|Any CPU.Build.0 = Debug|Any CPU
		{DCCAC57B-42F0-4B1F-AB3A-E93E46794CAE}.Release|Any CPU.ActiveCfg = Release|Any CPU
		{DCCAC57B-42F0-4B1F-AB3A-E93E46794CAE}.Release|Any CPU.Build.0 = Release|Any CPU
	EndGlobalSection
	GlobalSection(SolutionProperties) = preSolution
		HideSolutionNode = FALSE
	EndGlobalSection
	GlobalSection(ExtensibilityGlobals) = postSolution
		SolutionGuid = {36A6840D-1EBD-4A13-8800-904D1D13A3DA}
	EndGlobalSection
EndGlobal
